
Microsoft Visual Studio Solution File, Format Version 12.00
# Visual Studio Version 16
VisualStudioVersion = 16.0.30611.23
MinimumVisualStudioVersion = 10.0.40219.1
Project("{FAE04EC0-301F-11D3-BF4B-00C04F79EFBC}") = "Lab11", "Lab11.csproj", "{29E54921-0948-4882-8B24-C5724C00DB61}"
EndProject
Global
	GlobalSection(SolutionConfigurationPlatforms) = preSolution
		Debug|Any CPU = Debug|Any CPU
		Release|Any CPU = Release|Any CPU
	EndGlobalSection
	GlobalSection(ProjectConfigurationPlatforms) = postSolution
		{29E54921-0948-4882-8B24-C5724C00DB61}.Debug|Any CPU.ActiveCfg = Debug|Any CPU
		{29E54921-0948-4882-8B24-C5724C00DB61}.Debug|Any CPU.Build.0 = Debug|Any CPU
		{29E54921-0948-4882-8B24-C5724C00DB61}.Release|Any CPU.ActiveCfg = Release|Any CPU
		{29E54921-0948-4882-8B24-C5724C00DB61}.Release|Any CPU.Build.0 = Release|Any CPU
	EndGlobalSection
	GlobalSection(SolutionProperties) = preSolution
		HideSolutionNode = FALSE
	EndGlobalSection
	GlobalSection(ExtensibilityGlobals) = postSolution
		SolutionGuid = {30F374BD-8B69-4FE6-9D57-1EEED5055B75}
	EndGlobalSection
EndGlobal
