
Microsoft Visual Studio Solution File, Format Version 12.00
# Visual Studio Version 16
VisualStudioVersion = 16.0.30611.23
MinimumVisualStudioVersion = 10.0.40219.1
Project("{FAE04EC0-301F-11D3-BF4B-00C04F79EFBC}") = "Lab12", "Lab12.csproj", "{F3AAB49E-4C0E-4C13-B7DA-C039DE140E35}"
EndProject
Global
	GlobalSection(SolutionConfigurationPlatforms) = preSolution
		Debug|Any CPU = Debug|Any CPU
		Release|Any CPU = Release|Any CPU
	EndGlobalSection
	GlobalSection(ProjectConfigurationPlatforms) = postSolution
		{F3AAB49E-4C0E-4C13-B7DA-C039DE140E35}.Debug|Any CPU.ActiveCfg = Debug|Any CPU
		{F3AAB49E-4C0E-4C13-B7DA-C039DE140E35}.Debug|Any CPU.Build.0 = Debug|Any CPU
		{F3AAB49E-4C0E-4C13-B7DA-C039DE140E35}.Release|Any CPU.ActiveCfg = Release|Any CPU
		{F3AAB49E-4C0E-4C13-B7DA-C039DE140E35}.Release|Any CPU.Build.0 = Release|Any CPU
	EndGlobalSection
	GlobalSection(SolutionProperties) = preSolution
		HideSolutionNode = FALSE
	EndGlobalSection
	GlobalSection(ExtensibilityGlobals) = postSolution
		SolutionGuid = {D530F10D-96D0-4DF7-AB0F-84B6FBA31FFE}
	EndGlobalSection
EndGlobal
